
Microsoft Visual Studio Solution File, Format Version 12.00
# Visual Studio Version 17
VisualStudioVersion = 17.11.35219.272
MinimumVisualStudioVersion = 10.0.40219.1
Project("{888888A0-9F3D-457C-B088-3A5042F75D52}") = "7.5 Telefoni- ja e-mailiraamat", "7.5 Telefoni- ja e-mailiraamat.pyproj", "{91F02A91-9F27-41E0-967A-B5EFD079DA29}"
EndProject
Global
	GlobalSection(SolutionConfigurationPlatforms) = preSolution
		Debug|Any CPU = Debug|Any CPU
		Release|Any CPU = Release|Any CPU
	EndGlobalSection
	GlobalSection(ProjectConfigurationPlatforms) = postSolution
		{91F02A91-9F27-41E0-967A-B5EFD079DA29}.Debug|Any CPU.ActiveCfg = Debug|Any CPU
		{91F02A91-9F27-41E0-967A-B5EFD079DA29}.Release|Any CPU.ActiveCfg = Release|Any CPU
	EndGlobalSection
	GlobalSection(SolutionProperties) = preSolution
		HideSolutionNode = FALSE
	EndGlobalSection
	GlobalSection(ExtensibilityGlobals) = postSolution
		SolutionGuid = {B0510DD8-302E-4092-A879-EEE28048256F}
	EndGlobalSection
EndGlobal
